// !$*UTF8*$!
{
	archiveVersion = 1;
	classes = {
	};
	objectVersion = 50;
	objects = {

/* Begin PBXBuildFile section */
		3AD494E226E0E61B0038A530 /* AppDelegate.swift in Sources */ = {isa = PBXBuildFile; fileRef = 3AD494E126E0E61B0038A530 /* AppDelegate.swift */; };
		3AD494E426E0E61B0038A530 /* SceneDelegate.swift in Sources */ = {isa = PBXBuildFile; fileRef = 3AD494E326E0E61B0038A530 /* SceneDelegate.swift */; };
		3AD494E626E0E61B0038A530 /* ViewController.swift in Sources */ = {isa = PBXBuildFile; fileRef = 3AD494E526E0E61B0038A530 /* ViewController.swift */; };
		3AD494E926E0E61B0038A530 /* Main.storyboard in Resources */ = {isa = PBXBuildFile; fileRef = 3AD494E726E0E61B0038A530 /* Main.storyboard */; };
		3AD494EB26E0E61C0038A530 /* Assets.xcassets in Resources */ = {isa = PBXBuildFile; fileRef = 3AD494EA26E0E61C0038A530 /* Assets.xcassets */; };
		3AD494EE26E0E61C0038A530 /* LaunchScreen.storyboard in Resources */ = {isa = PBXBuildFile; fileRef = 3AD494EC26E0E61C0038A530 /* LaunchScreen.storyboard */; };
		3AD494F626E0E7910038A530 /* MemeImageController.swift in Sources */ = {isa = PBXBuildFile; fileRef = 3AD494F526E0E7910038A530 /* MemeImageController.swift */; };
		3AD494F826E116F50038A530 /* MemeTextDelegate.swift in Sources */ = {isa = PBXBuildFile; fileRef = 3AD494F726E116F50038A530 /* MemeTextDelegate.swift */; };
/* End PBXBuildFile section */

/* Begin PBXFileReference section */
		3AD494DE26E0E61B0038A530 /* MemeMe.app */ = {isa = PBXFileReference; explicitFileType = wrapper.application; includeInIndex = 0; path = MemeMe.app; sourceTree = BUILT_PRODUCTS_DIR; };
		3AD494E126E0E61B0038A530 /* AppDelegate.swift */ = {isa = PBXFileReference; lastKnownFileType = sourcecode.swift; path = AppDelegate.swift; sourceTree = "<group>"; };
		3AD494E326E0E61B0038A530 /* SceneDelegate.swift */ = {isa = PBXFileReference; lastKnownFileType = sourcecode.swift; path = SceneDelegate.swift; sourceTree = "<group>"; };
		3AD494E526E0E61B0038A530 /* ViewController.swift */ = {isa = PBXFileReference; lastKnownFileType = sourcecode.swift; path = ViewController.swift; sourceTree = "<group>"; };
		3AD494E826E0E61B0038A530 /* Base */ = {isa = PBXFileReference; lastKnownFileType = file.storyboard; name = Base; path = Base.lproj/Main.storyboard; sourceTree = "<group>"; };
		3AD494EA26E0E61C0038A530 /* Assets.xcassets */ = {isa = PBXFileReference; lastKnownFileType = folder.assetcatalog; path = Assets.xcassets; sourceTree = "<group>"; };
		3AD494ED26E0E61C0038A530 /* Base */ = {isa = PBXFileReference; lastKnownFileType = file.storyboard; name = Base; path = Base.lproj/LaunchScreen.storyboard; sourceTree = "<group>"; };
		3AD494EF26E0E61C0038A530 /* Info.plist */ = {isa = PBXFileReference; lastKnownFileType = text.plist.xml; path = Info.plist; sourceTree = "<group>"; };
		3AD494F526E0E7910038A530 /* MemeImageController.swift */ = {isa = PBXFileReference; lastKnownFileType = sourcecode.swift; path = MemeImageController.swift; sourceTree = "<group>"; };
		3AD494F726E116F50038A530 /* MemeTextDelegate.swift */ = {isa = PBXFileReference; lastKnownFileType = sourcecode.swift; path = MemeTextDelegate.swift; sourceTree = "<group>"; };
/* End PBXFileReference section */

/* Begin PBXFrameworksBuildPhase section */
		3AD494DB26E0E61B0038A530 /* Frameworks */ = {
			isa = PBXFrameworksBuildPhase;
			buildActionMask = 2147483647;
			files = (
			);
			runOnlyForDeploymentPostprocessing = 0;
		};
/* End PBXFrameworksBuildPhase section */

/* Begin PBXGroup section */
		3AD494D526E0E61B0038A530 = {
			isa = PBXGroup;
			children = (
				3AD494E026E0E61B0038A530 /* MemeMe */,
				3AD494DF26E0E61B0038A530 /* Products */,
			);
			sourceTree = "<group>";
		};
		3AD494DF26E0E61B0038A530 /* Products */ = {
			isa = PBXGroup;
			children = (
				3AD494DE26E0E61B0038A530 /* MemeMe.app */,
			);
			name = Products;
			sourceTree = "<group>";
		};
		3AD494E026E0E61B0038A530 /* MemeMe */ = {
			isa = PBXGroup;
			children = (
				3AD494E126E0E61B0038A530 /* AppDelegate.swift */,
				3AD494E326E0E61B0038A530 /* SceneDelegate.swift */,
				3AD494E526E0E61B0038A530 /* ViewController.swift */,
				3AD494E726E0E61B0038A530 /* Main.storyboard */,
				3AD494EA26E0E61C0038A530 /* Assets.xcassets */,
				3AD494EC26E0E61C0038A530 /* LaunchScreen.storyboard */,
				3AD494EF26E0E61C0038A530 /* Info.plist */,
				3AD494F526E0E7910038A530 /* MemeImageController.swift */,
				3AD494F726E116F50038A530 /* MemeTextDelegate.swift */,
			);
			path = MemeMe;
			sourceTree = "<group>";
		};
/* End PBXGroup section */

/* Begin PBXNativeTarget section */
		3AD494DD26E0E61B0038A530 /* MemeMe */ = {
			isa = PBXNativeTarget;
			buildConfigurationList = 3AD494F226E0E61C0038A530 /* Build configuration list for PBXNativeTarget "MemeMe" */;
			buildPhases = (
				3AD494DA26E0E61B0038A530 /* Sources */,
				3AD494DB26E0E61B0038A530 /* Frameworks */,
				3AD494DC26E0E61B0038A530 /* Resources */,
			);
			buildRules = (
			);
			dependencies = (
			);
			name = MemeMe;
			productName = MemeMe;
			productReference = 3AD494DE26E0E61B0038A530 /* MemeMe.app */;
			productType = "com.apple.product-type.application";
		};
/* End PBXNativeTarget section */

/* Begin PBXProject section */
		3AD494D626E0E61B0038A530 /* Project object */ = {
			isa = PBXProject;
			attributes = {
				LastSwiftUpdateCheck = 1250;
				LastUpgradeCheck = 1250;
				TargetAttributes = {
					3AD494DD26E0E61B0038A530 = {
						CreatedOnToolsVersion = 12.5;
					};
				};
			};
			buildConfigurationList = 3AD494D926E0E61B0038A530 /* Build configuration list for PBXProject "MemeMe" */;
			compatibilityVersion = "Xcode 9.3";
			developmentRegion = en;
			hasScannedForEncodings = 0;
			knownRegions = (
				en,
				Base,
			);
			mainGroup = 3AD494D526E0E61B0038A530;
			productRefGroup = 3AD494DF26E0E61B0038A530 /* Products */;
			projectDirPath = "";
			projectRoot = "";
			targets = (
				3AD494DD26E0E61B0038A530 /* MemeMe */,
			);
		};
/* End PBXProject section */

/* Begin PBXResourcesBuildPhase section */
		3AD494DC26E0E61B0038A530 /* Resources */ = {
			isa = PBXResourcesBuildPhase;
			buildActionMask = 2147483647;
			files = (
				3AD494EE26E0E61C0038A530 /* LaunchScreen.storyboard in Resources */,
				3AD494EB26E0E61C0038A530 /* Assets.xcassets in Resources */,
				3AD494E926E0E61B0038A530 /* Main.storyboard in Resources */,
			);
			runOnlyForDeploymentPostprocessing = 0;
		};
/* End PBXResourcesBuildPhase section */

/* Begin PBXSourcesBuildPhase section */
		3AD494DA26E0E61B0038A530 /* Sources */ = {
			isa = PBXSourcesBuildPhase;
			buildActionMask = 2147483647;
			files = (
				3AD494F826E116F50038A530 /* MemeTextDelegate.swift in Sources */,
				3AD494E626E0E61B0038A530 /* ViewController.swift in Sources */,
				3AD494E226E0E61B0038A530 /* AppDelegate.swift in Sources */,
				3AD494E426E0E61B0038A530 /* SceneDelegate.swift in Sources */,
				3AD494F626E0E7910038A530 /* MemeImageController.swift in Sources */,
			);
			runOnlyForDeploymentPostprocessing = 0;
		};
/* End PBXSourcesBuildPhase section */

/* Begin PBXVariantGroup section */
		3AD494E726E0E61B0038A530 /* Main.storyboard */ = {
			isa = PBXVariantGroup;
			children = (
				3AD494E826E0E61B0038A530 /* Base */,
			);
			name = Main.storyboard;
			sourceTree = "<group>";
		};
		3AD494EC26E0E61C0038A530 /* LaunchScreen.storyboard */ = {
			isa = PBXVariantGroup;
			children = (
				3AD494ED26E0E61C0038A530 /* Base */,
			);
			name = LaunchScreen.storyboard;
			sourceTree = "<group>";
		};
/* End PBXVariantGroup section */

/* Begin XCBuildConfiguration section */
		3AD494F026E0E61C0038A530 /* Debug */ = {
			isa = XCBuildConfiguration;
			buildSettings = {
				ALWAYS_SEARCH_USER_PATHS = NO;
				CLANG_ANALYZER_NONNULL = YES;
				CLANG_ANALYZER_NUMBER_OBJECT_CONVERSION = YES_AGGRESSIVE;
				CLANG_CXX_LANGUAGE_STANDARD = "gnu++14";
				CLANG_CXX_LIBRARY = "libc++";
				CLANG_ENABLE_MODULES = YES;
				CLANG_ENABLE_OBJC_ARC = YES;
				CLANG_ENABLE_OBJC_WEAK = YES;
				CLANG_WARN_BLOCK_CAPTURE_AUTORELEASING = YES;
				CLANG_WARN_BOOL_CONVERSION = YES;
				CLANG_WARN_COMMA = YES;
				CLANG_WARN_CONSTANT_CONVERSION = YES;
				CLANG_WARN_DEPRECATED_OBJC_IMPLEMENTATIONS = YES;
				CLANG_WARN_DIRECT_OBJC_ISA_USAGE = YES_ERROR;
				CLANG_WARN_DOCUMENTATION_COMMENTS = YES;
				CLANG_WARN_EMPTY_BODY = YES;
				CLANG_WARN_ENUM_CONVERSION = YES;
				CLANG_WARN_INFINITE_RECURSION = YES;
				CLANG_WARN_INT_CONVERSION = YES;
				CLANG_WARN_NON_LITERAL_NULL_CONVERSION = YES;
				CLANG_WARN_OBJC_IMPLICIT_RETAIN_SELF = YES;
				CLANG_WARN_OBJC_LITERAL_CONVERSION = YES;
				CLANG_WARN_OBJC_ROOT_CLASS = YES_ERROR;
				CLANG_WARN_QUOTED_INCLUDE_IN_FRAMEWORK_HEADER = YES;
				CLANG_WARN_RANGE_LOOP_ANALYSIS = YES;
				CLANG_WARN_STRICT_PROTOTYPES = YES;
				CLANG_WARN_SUSPICIOUS_MOVE = YES;
				CLANG_WARN_UNGUARDED_AVAILABILITY = YES_AGGRESSIVE;
				CLANG_WARN_UNREACHABLE_CODE = YES;
				CLANG_WARN__DUPLICATE_METHOD_MATCH = YES;
				COPY_PHASE_STRIP = NO;
				DEBUG_INFORMATION_FORMAT = dwarf;
				ENABLE_STRICT_OBJC_MSGSEND = YES;
				ENABLE_TESTABILITY = YES;
				GCC_C_LANGUAGE_STANDARD = gnu11;
				GCC_DYNAMIC_NO_PIC = NO;
				GCC_NO_COMMON_BLOCKS = YES;
				GCC_OPTIMIZATION_LEVEL = 0;
				GCC_PREPROCESSOR_DEFINITIONS = (
					"DEBUG=1",
					"$(inherited)",
				);
				GCC_WARN_64_TO_32_BIT_CONVERSION = YES;
				GCC_WARN_ABOUT_RETURN_TYPE = YES_ERROR;
				GCC_WARN_UNDECLARED_SELECTOR = YES;
				GCC_WARN_UNINITIALIZED_AUTOS = YES_AGGRESSIVE;
				GCC_WARN_UNUSED_FUNCTION = YES;
				GCC_WARN_UNUSED_VARIABLE = YES;
				IPHONEOS_DEPLOYMENT_TARGET = 14.5;
				MTL_ENABLE_DEBUG_INFO = INCLUDE_SOURCE;
				MTL_FAST_MATH = YES;
				ONLY_ACTIVE_ARCH = YES;
				SDKROOT = iphoneos;
				SWIFT_ACTIVE_COMPILATION_CONDITIONS = DEBUG;
				SWIFT_OPTIMIZATION_LEVEL = "-Onone";
			};
			name = Debug;
		};
		3AD494F126E0E61C0038A530 /* Release */ = {
			isa = XCBuildConfiguration;
			buildSettings = {
				ALWAYS_SEARCH_USER_PATHS = NO;
				CLANG_ANALYZER_NONNULL = YES;
				CLANG_ANALYZER_NUMBER_OBJECT_CONVERSION = YES_AGGRESSIVE;
				CLANG_CXX_LANGUAGE_STANDARD = "gnu++14";
				CLANG_CXX_LIBRARY = "libc++";
				CLANG_ENABLE_MODULES = YES;
				CLANG_ENABLE_OBJC_ARC = YES;
				CLANG_ENABLE_OBJC_WEAK = YES;
				CLANG_WARN_BLOCK_CAPTURE_AUTORELEASING = YES;
				CLANG_WARN_BOOL_CONVERSION = YES;
				CLANG_WARN_COMMA = YES;
				CLANG_WARN_CONSTANT_CONVERSION = YES;
				CLANG_WARN_DEPRECATED_OBJC_IMPLEMENTATIONS = YES;
				CLANG_WARN_DIRECT_OBJC_ISA_USAGE = YES_ERROR;
				CLANG_WARN_DOCUMENTATION_COMMENTS = YES;
				CLANG_WARN_EMPTY_BODY = YES;
				CLANG_WARN_ENUM_CONVERSION = YES;
				CLANG_WARN_INFINITE_RECURSION = YES;
				CLANG_WARN_INT_CONVERSION = YES;
				CLANG_WARN_NON_LITERAL_NULL_CONVERSION = YES;
				CLANG_WARN_OBJC_IMPLICIT_RETAIN_SELF = YES;
				CLANG_WARN_OBJC_LITERAL_CONVERSION = YES;
				CLANG_WARN_OBJC_ROOT_CLASS = YES_ERROR;
				CLANG_WARN_QUOTED_INCLUDE_IN_FRAMEWORK_HEADER = YES;
				CLANG_WARN_RANGE_LOOP_ANALYSIS = YES;
				CLANG_WARN_STRICT_PROTOTYPES = YES;
				CLANG_WARN_SUSPICIOUS_MOVE = YES;
				CLANG_WARN_UNGUARDED_AVAILABILITY = YES_AGGRESSIVE;
				CLANG_WARN_UNREACHABLE_CODE = YES;
				CLANG_WARN__DUPLICATE_METHOD_MATCH = YES;
				COPY_PHASE_STRIP = NO;
				DEBUG_INFORMATION_FORMAT = "dwarf-with-dsym";
				ENABLE_NS_ASSERTIONS = NO;
				ENABLE_STRICT_OBJC_MSGSEND = YES;
				GCC_C_LANGUAGE_STANDARD = gnu11;
				GCC_NO_COMMON_BLOCKS = YES;
				GCC_WARN_64_TO_32_BIT_CONVERSION = YES;
				GCC_WARN_ABOUT_RETURN_TYPE = YES_ERROR;
				GCC_WARN_UNDECLARED_SELECTOR = YES;
				GCC_WARN_UNINITIALIZED_AUTOS = YES_AGGRESSIVE;
				GCC_WARN_UNUSED_FUNCTION = YES;
				GCC_WARN_UNUSED_VARIABLE = YES;
				IPHONEOS_DEPLOYMENT_TARGET = 14.5;
				MTL_ENABLE_DEBUG_INFO = NO;
				MTL_FAST_MATH = YES;
				SDKROOT = iphoneos;
				SWIFT_COMPILATION_MODE = wholemodule;
				SWIFT_OPTIMIZATION_LEVEL = "-O";
				VALIDATE_PRODUCT = YES;
			};
			name = Release;
		};
		3AD494F326E0E61C0038A530 /* Debug */ = {
			isa = XCBuildConfiguration;
			buildSettings = {
				ASSETCATALOG_COMPILER_APPICON_NAME = AppIcon;
				ASSETCATALOG_COMPILER_GLOBAL_ACCENT_COLOR_NAME = AccentColor;
				CODE_SIGN_STYLE = Automatic;
				INFOPLIST_FILE = MemeMe/Info.plist;
				LD_RUNPATH_SEARCH_PATHS = (
					"$(inherited)",
					"@executable_path/Frameworks",
				);
				PRODUCT_BUNDLE_IDENTIFIER = com.kkarakamis.MemeMe;
				PRODUCT_NAME = "$(TARGET_NAME)";
				SWIFT_VERSION = 5.0;
				TARGETED_DEVICE_FAMILY = "1,2";
			};
			name = Debug;
		};
		3AD494F426E0E61C0038A530 /* Release */ = {
			isa = XCBuildConfiguration;
			buildSettings = {
				ASSETCATALOG_COMPILER_APPICON_NAME = AppIcon;
				ASSETCATALOG_COMPILER_GLOBAL_ACCENT_COLOR_NAME = AccentColor;
				CODE_SIGN_STYLE = Automatic;
				INFOPLIST_FILE = MemeMe/Info.plist;
				LD_RUNPATH_SEARCH_PATHS = (
					"$(inherited)",
					"@executable_path/Frameworks",
				);
				PRODUCT_BUNDLE_IDENTIFIER = com.kkarakamis.MemeMe;
				PRODUCT_NAME = "$(TARGET_NAME)";
				SWIFT_VERSION = 5.0;
				TARGETED_DEVICE_FAMILY = "1,2";
			};
			name = Release;
		};
/* End XCBuildConfiguration section */

/* Begin XCConfigurationList section */
		3AD494D926E0E61B0038A530 /* Build configuration list for PBXProject "MemeMe" */ = {
			isa = XCConfigurationList;
			buildConfigurations = (
				3AD494F026E0E61C0038A530 /* Debug */,
				3AD494F126E0E61C0038A530 /* Release */,
			);
			defaultConfigurationIsVisible = 0;
			defaultConfigurationName = Release;
		};
		3AD494F226E0E61C0038A530 /* Build configuration list for PBXNativeTarget "MemeMe" */ = {
			isa = XCConfigurationList;
			buildConfigurations = (
				3AD494F326E0E61C0038A530 /* Debug */,
				3AD494F426E0E61C0038A530 /* Release */,
			);
			defaultConfigurationIsVisible = 0;
			defaultConfigurationName = Release;
		};
/* End XCConfigurationList section */
	};
	rootObject = 3AD494D626E0E61B0038A530 /* Project object */;
}
